
Microsoft Visual Studio Solution File, Format Version 12.00
# Visual Studio Version 17
VisualStudioVersion = 17.5.002.0
MinimumVisualStudioVersion = 10.0.40219.1
Project("{9A19103F-16F7-4668-BE54-9A1E7A4F7556}") = "FitnessApp", "FitnessApp\FitnessApp.csproj", "{71C4FCC5-5FD6-4370-B578-E60EF4251AAC}"
EndProject
Global
	GlobalSection(SolutionConfigurationPlatforms) = preSolution
		Debug|Any CPU = Debug|Any CPU
		Release|Any CPU = Release|Any CPU
	EndGlobalSection
	GlobalSection(ProjectConfigurationPlatforms) = postSolution
		{71C4FCC5-5FD6-4370-B578-E60EF4251AAC}.Debug|Any CPU.ActiveCfg = Debug|Any CPU
		{71C4FCC5-5FD6-4370-B578-E60EF4251AAC}.Debug|Any CPU.Build.0 = Debug|Any CPU
		{71C4FCC5-5FD6-4370-B578-E60EF4251AAC}.Release|Any CPU.ActiveCfg = Release|Any CPU
		{71C4FCC5-5FD6-4370-B578-E60EF4251AAC}.Release|Any CPU.Build.0 = Release|Any CPU
	EndGlobalSection
	GlobalSection(SolutionProperties) = preSolution
		HideSolutionNode = FALSE
	EndGlobalSection
	GlobalSection(ExtensibilityGlobals) = postSolution
		SolutionGuid = {0CBA9DCF-2365-40E8-862D-75C43AF710EC}
	EndGlobalSection
EndGlobal
